
Microsoft Visual Studio Solution File, Format Version 12.00
# Visual Studio Version 17
VisualStudioVersion = 17.9.34622.214
MinimumVisualStudioVersion = 10.0.40219.1
Project("{FAE04EC0-301F-11D3-BF4B-00C04F79EFBC}") = "WebApplicationF", "WebApplicationF\WebApplicationF.csproj", "{212BD202-7FF6-455A-AF99-5158D69B6685}"
EndProject
Global
	GlobalSection(SolutionConfigurationPlatforms) = preSolution
		Debug|Any CPU = Debug|Any CPU
		Release|Any CPU = Release|Any CPU
	EndGlobalSection
	GlobalSection(ProjectConfigurationPlatforms) = postSolution
		{212BD202-7FF6-455A-AF99-5158D69B6685}.Debug|Any CPU.ActiveCfg = Debug|Any CPU
		{212BD202-7FF6-455A-AF99-5158D69B6685}.Debug|Any CPU.Build.0 = Debug|Any CPU
		{212BD202-7FF6-455A-AF99-5158D69B6685}.Release|Any CPU.ActiveCfg = Release|Any CPU
		{212BD202-7FF6-455A-AF99-5158D69B6685}.Release|Any CPU.Build.0 = Release|Any CPU
	EndGlobalSection
	GlobalSection(SolutionProperties) = preSolution
		HideSolutionNode = FALSE
	EndGlobalSection
	GlobalSection(ExtensibilityGlobals) = postSolution
		SolutionGuid = {28308739-6111-4320-9335-6B451BA63BDE}
	EndGlobalSection
EndGlobal
